
Microsoft Visual Studio Solution File, Format Version 12.00
# Visual Studio Version 17
VisualStudioVersion = 17.4.33110.190
MinimumVisualStudioVersion = 10.0.40219.1
Project("{FAE04EC0-301F-11D3-BF4B-00C04F79EFBC}") = "EFCoreWithAsp.netCore", "EFCoreWithAsp.netCore\EFCoreWithAsp.netCore.csproj", "{A6A65908-7493-4160-8342-8FF1C216C9FC}"
EndProject
Global
	GlobalSection(SolutionConfigurationPlatforms) = preSolution
		Debug|Any CPU = Debug|Any CPU
		Release|Any CPU = Release|Any CPU
	EndGlobalSection
	GlobalSection(ProjectConfigurationPlatforms) = postSolution
		{A6A65908-7493-4160-8342-8FF1C216C9FC}.Debug|Any CPU.ActiveCfg = Debug|Any CPU
		{A6A65908-7493-4160-8342-8FF1C216C9FC}.Debug|Any CPU.Build.0 = Debug|Any CPU
		{A6A65908-7493-4160-8342-8FF1C216C9FC}.Release|Any CPU.ActiveCfg = Release|Any CPU
		{A6A65908-7493-4160-8342-8FF1C216C9FC}.Release|Any CPU.Build.0 = Release|Any CPU
	EndGlobalSection
	GlobalSection(SolutionProperties) = preSolution
		HideSolutionNode = FALSE
	EndGlobalSection
	GlobalSection(ExtensibilityGlobals) = postSolution
		SolutionGuid = {8619A18D-F557-46D3-93F2-79A13BC69A31}
	EndGlobalSection
EndGlobal
